<?xml version="1.0" encoding="utf-8"?>
<Project ToolsVersion="4.0" xmlns="http://schemas.microsoft.com/developer/msbuild/2003">
  <ItemGroup>
    <Filter Include="Source Files">
      <UniqueIdentifier>{4FC737F1-C7A5-4376-A066-2A32D752A2FF}</UniqueIdentifier>
      <Extensions>cpp;c;cc;cxx;c++;cppm;ixx;def;odl;idl;hpj;bat;asm;asmx</Extensions>
    </Filter>
    <Filter Include="GameObjects">
      <UniqueIdentifier>{2472c6bc-c794-450a-85a0-f2640676b581}</UniqueIdentifier>
    </Filter>
    <Filter Include="Commands">
      <UniqueIdentifier>{913ac47a-ce4f-4330-ba60-747c882dea83}</UniqueIdentifier>
    </Filter>
    <Filter Include="GameObjects\PacMan">
      <UniqueIdentifier>{28ed5765-6688-4214-9587-d40dd57f5ca4}</UniqueIdentifier>
    </Filter>
    <Filter Include="Components">
      <UniqueIdentifier>{e7f01353-38d5-4145-bac0-8666751d87ac}</UniqueIdentifier>
    </Filter>
    <Filter Include="Components\InputHandler">
      <UniqueIdentifier>{f41ea690-cda8-4a20-93bd-3de8aa286489}</UniqueIdentifier>
    </Filter>
    <Filter Include="Components\State">
      <UniqueIdentifier>{99cee863-da5e-48da-986f-04f0c9243968}</UniqueIdentifier>
    </Filter>
    <Filter Include="GameObjects\PacDots">
      <UniqueIdentifier>{18c978e1-63d2-4d85-8c4c-5654a60fa651}</UniqueIdentifier>
    </Filter>
    <Filter Include="Components\ObjectFilters">
      <UniqueIdentifier>{79725725-dbfd-4c11-9d03-05450b7c2415}</UniqueIdentifier>
    </Filter>
    <Filter Include="GameObjects\Walls">
      <UniqueIdentifier>{9a3de3f8-9fdf-4719-b946-4387426a490b}</UniqueIdentifier>
    </Filter>
    <Filter Include="GameObjects\Ghost">
      <UniqueIdentifier>{b9f43c5e-4536-4d31-8551-4bbb2fc6c292}</UniqueIdentifier>
    </Filter>
    <Filter Include="Components\ObjectFilters\Ghost">
      <UniqueIdentifier>{e27c3c73-ce2d-44a1-bf44-b404e5454e0b}</UniqueIdentifier>
    </Filter>
    <Filter Include="Components\TeleportComponent">
      <UniqueIdentifier>{b0faadfd-9c08-4ac7-ad79-f0453d58f0ce}</UniqueIdentifier>
    </Filter>
    <Filter Include="GameObjects\IntersectionTile">
      <UniqueIdentifier>{5216db31-e9de-472e-8f4e-60b143fcda1e}</UniqueIdentifier>
    </Filter>
    <Filter Include="GameObjects\PowerUp">
      <UniqueIdentifier>{bb51ca05-719f-4aae-afba-2a29bab0bc8b}</UniqueIdentifier>
    </Filter>
    <Filter Include="Observers">
      <UniqueIdentifier>{6c169f76-1e86-42f8-826e-ed89b54bd86d}</UniqueIdentifier>
    </Filter>
    <Filter Include="GameObjects\Hud">
      <UniqueIdentifier>{b7aff8b4-9125-4f64-a714-f08fe45b2b8d}</UniqueIdentifier>
    </Filter>
    <Filter Include="Components\ObjectFilters\Intersection">
      <UniqueIdentifier>{fd571c1a-677e-42b4-8470-48f9b972d677}</UniqueIdentifier>
    </Filter>
    <Filter Include="Components\ObjectFilters\PacDot">
      <UniqueIdentifier>{158ff7cb-656a-4f12-9593-ede35ccb9589}</UniqueIdentifier>
    </Filter>
    <Filter Include="Components\ObjectFilters\PacMan">
      <UniqueIdentifier>{30ba0deb-4e86-47fa-8192-a552d93d5c89}</UniqueIdentifier>
    </Filter>
    <Filter Include="Components\ObjectFilters\PowerUp">
      <UniqueIdentifier>{cf31f136-b514-4e5e-9ada-17f5b7e553e5}</UniqueIdentifier>
    </Filter>
    <Filter Include="Components\ObjectFilters\Wall">
      <UniqueIdentifier>{570f59f0-7133-4b07-9cf3-15a4d99fa6aa}</UniqueIdentifier>
    </Filter>
    <Filter Include="Components\ObjectFilters\Hud">
      <UniqueIdentifier>{c88f0f67-3123-4ef3-9dad-508c0765f1ec}</UniqueIdentifier>
    </Filter>
    <Filter Include="Singletons">
      <UniqueIdentifier>{effeb08a-e0bb-42e4-b918-ec0ecaba8bc1}</UniqueIdentifier>
    </Filter>
    <Filter Include="Singletons\LevelLoader">
      <UniqueIdentifier>{5c0c4b93-7434-4587-b1a2-95c6b70e8a25}</UniqueIdentifier>
    </Filter>
    <Filter Include="GameObjects\FPSCounter">
      <UniqueIdentifier>{ff7f2527-aa48-4d1e-b0e7-da4819c93d56}</UniqueIdentifier>
    </Filter>
    <Filter Include="GameObjects\Screens">
      <UniqueIdentifier>{1f189b96-59eb-4bbf-9ac1-395244b4477f}</UniqueIdentifier>
    </Filter>
    <Filter Include="GameObjects\Screens\StartScreen">
      <UniqueIdentifier>{b21d8fd7-8d56-4492-a71d-83cbbf1afcca}</UniqueIdentifier>
    </Filter>
    <Filter Include="GameObjects\Screens\EndingScreen">
      <UniqueIdentifier>{f90616a1-a158-42a4-ba5f-e8b81d98071b}</UniqueIdentifier>
    </Filter>
    <Filter Include="Components\ObjectFilters\Screens">
      <UniqueIdentifier>{4758df34-0977-462b-a5df-b950f5efaae6}</UniqueIdentifier>
    </Filter>
    <Filter Include="Components\ObjectFilters\Screens\StartScreen">
      <UniqueIdentifier>{a521c142-a182-4776-9c6e-2ef6915d6c40}</UniqueIdentifier>
    </Filter>
    <Filter Include="Components\ObjectFilters\Screens\EndingScreen">
      <UniqueIdentifier>{e42c679e-9ae0-4e85-8645-76d5bc31dc1d}</UniqueIdentifier>
    </Filter>
    <Filter Include="GameObjects\FruitSpawner">
      <UniqueIdentifier>{6fb3b7ec-5819-47f1-b9a9-f5743e350383}</UniqueIdentifier>
    </Filter>
    <Filter Include="GameObjects\FruitSpawner\Fuit">
      <UniqueIdentifier>{13795473-fb44-43f9-8902-42c95ca3dcad}</UniqueIdentifier>
    </Filter>
    <Filter Include="Components\ObjectFilters\Fruit">
      <UniqueIdentifier>{3a5526ca-cc4d-4b93-a176-a8a7284d87cc}</UniqueIdentifier>
    </Filter>
  </ItemGroup>
  <ItemGroup>
    <ClCompile Include="PacManMain.cpp">
      <Filter>Source Files</Filter>
    </ClCompile>
    <ClCompile Include="PacMan.cpp">
      <Filter>GameObjects\PacMan</Filter>
    </ClCompile>
    <ClCompile Include="InputHandler.cpp">
      <Filter>Components\InputHandler</Filter>
    </ClCompile>
    <ClCompile Include="StateComponent.cpp">
      <Filter>Components\State</Filter>
    </ClCompile>
    <ClCompile Include="PacManState.cpp">
      <Filter>GameObjects\PacMan</Filter>
    </ClCompile>
    <ClCompile Include="PacDot.cpp">
      <Filter>GameObjects\PacDots</Filter>
    </ClCompile>
    <ClCompile Include="WallManager.cpp">
      <Filter>GameObjects\Walls</Filter>
    </ClCompile>
    <ClCompile Include="Ghost.cpp">
      <Filter>GameObjects\Ghost</Filter>
    </ClCompile>
    <ClCompile Include="GhostState.cpp">
      <Filter>GameObjects\Ghost</Filter>
    </ClCompile>
    <ClCompile Include="GhostComponent.cpp">
      <Filter>Components\ObjectFilters\Ghost</Filter>
    </ClCompile>
    <ClCompile Include="IntersectionTile.cpp">
      <Filter>GameObjects\IntersectionTile</Filter>
    </ClCompile>
    <ClCompile Include="PowerUp.cpp">
      <Filter>GameObjects\PowerUp</Filter>
    </ClCompile>
    <ClCompile Include="Hud.cpp">
      <Filter>GameObjects\Hud</Filter>
    </ClCompile>
    <ClCompile Include="PacManComponent.cpp">
      <Filter>Components\ObjectFilters\PacMan</Filter>
    </ClCompile>
    <ClCompile Include="PacManEventObserver.cpp">
      <Filter>Observers</Filter>
    </ClCompile>
    <ClCompile Include="StartScreen.cpp">
      <Filter>GameObjects\Screens\StartScreen</Filter>
    </ClCompile>
    <ClCompile Include="StartScreenComponent.cpp">
      <Filter>Components\ObjectFilters\Screens\StartScreen</Filter>
    </ClCompile>
    <ClCompile Include="LevelLoader.cpp">
      <Filter>Singletons\LevelLoader</Filter>
    </ClCompile>
    <ClCompile Include="FpsCounter.cpp">
      <Filter>GameObjects\FPSCounter</Filter>
    </ClCompile>
    <ClCompile Include="EndingScreen.cpp">
      <Filter>GameObjects\Screens\EndingScreen</Filter>
    </ClCompile>
    <ClCompile Include="EndingScreenComponent.cpp">
      <Filter>Components\ObjectFilters\Screens\EndingScreen</Filter>
    </ClCompile>
    <ClCompile Include="Fruit.cpp">
      <Filter>GameObjects\FruitSpawner\Fuit</Filter>
    </ClCompile>
    <ClCompile Include="FruitComponent.cpp">
      <Filter>Components\ObjectFilters\Fruit</Filter>
    </ClCompile>
  </ItemGroup>
  <ItemGroup>
    <ClInclude Include="MoveCommand.h">
      <Filter>Commands</Filter>
    </ClInclude>
    <ClInclude Include="PacMan.h">
      <Filter>GameObjects\PacMan</Filter>
    </ClInclude>
    <ClInclude Include="SwitchInputCommand.h">
      <Filter>Commands</Filter>
    </ClInclude>
    <ClInclude Include="InputHandler.h">
      <Filter>Components\InputHandler</Filter>
    </ClInclude>
    <ClInclude Include="StateComponent.h">
      <Filter>Components\State</Filter>
    </ClInclude>
    <ClInclude Include="PacManState.h">
      <Filter>GameObjects\PacMan</Filter>
    </ClInclude>
    <ClInclude Include="PacDot.h">
      <Filter>GameObjects\PacDots</Filter>
    </ClInclude>
    <ClInclude Include="WallManager.h">
      <Filter>GameObjects\Walls</Filter>
    </ClInclude>
    <ClInclude Include="Ghost.h">
      <Filter>GameObjects\Ghost</Filter>
    </ClInclude>
    <ClInclude Include="GhostState.h">
      <Filter>GameObjects\Ghost</Filter>
    </ClInclude>
    <ClInclude Include="GhostComponent.h">
      <Filter>Components\ObjectFilters\Ghost</Filter>
    </ClInclude>
    <ClInclude Include="TeleportComponent.h">
      <Filter>Components\TeleportComponent</Filter>
    </ClInclude>
    <ClInclude Include="IntersectionTile.h">
      <Filter>GameObjects\IntersectionTile</Filter>
    </ClInclude>
    <ClInclude Include="PowerUp.h">
      <Filter>GameObjects\PowerUp</Filter>
    </ClInclude>
    <ClInclude Include="PacManEventObserver.h">
      <Filter>Observers</Filter>
    </ClInclude>
    <ClInclude Include="Hud.h">
      <Filter>GameObjects\Hud</Filter>
    </ClInclude>
    <ClInclude Include="IntersectionComponent.h">
      <Filter>Components\ObjectFilters\Intersection</Filter>
    </ClInclude>
    <ClInclude Include="PacDotComponent.h">
      <Filter>Components\ObjectFilters\PacDot</Filter>
    </ClInclude>
    <ClInclude Include="PacManComponent.h">
      <Filter>Components\ObjectFilters\PacMan</Filter>
    </ClInclude>
    <ClInclude Include="PowerUpComponent.h">
      <Filter>Components\ObjectFilters\PowerUp</Filter>
    </ClInclude>
    <ClInclude Include="WallComponent.h">
      <Filter>Components\ObjectFilters\Wall</Filter>
    </ClInclude>
    <ClInclude Include="HudComponent.h">
      <Filter>Components\ObjectFilters\Hud</Filter>
    </ClInclude>
    <ClInclude Include="ScoreComponent.h">
      <Filter>Components</Filter>
    </ClInclude>
    <ClInclude Include="HealthComponent.h">
      <Filter>Components</Filter>
    </ClInclude>
    <ClInclude Include="StartScreen.h">
      <Filter>GameObjects\Screens\StartScreen</Filter>
    </ClInclude>
    <ClInclude Include="StartScreenComponent.h">
      <Filter>Components\ObjectFilters\Screens\StartScreen</Filter>
    </ClInclude>
    <ClInclude Include="LevelLoader.h">
      <Filter>Singletons\LevelLoader</Filter>
    </ClInclude>
    <ClInclude Include="FpsCounter.h">
      <Filter>GameObjects\FPSCounter</Filter>
    </ClInclude>
    <ClInclude Include="EndingScreen.h">
      <Filter>GameObjects\Screens\EndingScreen</Filter>
    </ClInclude>
    <ClInclude Include="EndingScreenComponent.h">
      <Filter>Components\ObjectFilters\Screens\EndingScreen</Filter>
    </ClInclude>
    <ClInclude Include="SkipLevelCommand.h">
      <Filter>Commands</Filter>
    </ClInclude>
    <ClInclude Include="Fruit.h">
      <Filter>GameObjects\FruitSpawner\Fuit</Filter>
    </ClInclude>
    <ClInclude Include="FruitComponent.h">
      <Filter>Components\ObjectFilters\Fruit</Filter>
    </ClInclude>
  </ItemGroup>
</Project>