<?xml version="1.0" encoding="utf-8"?>
<Project ToolsVersion="4.0" xmlns="http://schemas.microsoft.com/developer/msbuild/2003">
  <ItemGroup>
    <Filter Include="Source Files">
      <UniqueIdentifier>{4FC737F1-C7A5-4376-A066-2A32D752A2FF}</UniqueIdentifier>
      <Extensions>cpp;c;cc;cxx;c++;cppm;ixx;def;odl;idl;hpj;bat;asm;asmx</Extensions>
    </Filter>
    <Filter Include="GameObjects">
      <UniqueIdentifier>{2472c6bc-c794-450a-85a0-f2640676b581}</UniqueIdentifier>
    </Filter>
    <Filter Include="Commands">
      <UniqueIdentifier>{913ac47a-ce4f-4330-ba60-747c882dea83}</UniqueIdentifier>
    </Filter>
    <Filter Include="GameObjects\PacMan">
      <UniqueIdentifier>{28ed5765-6688-4214-9587-d40dd57f5ca4}</UniqueIdentifier>
    </Filter>
    <Filter Include="Components">
      <UniqueIdentifier>{e7f01353-38d5-4145-bac0-8666751d87ac}</UniqueIdentifier>
    </Filter>
    <Filter Include="Components\InputHandler">
      <UniqueIdentifier>{f41ea690-cda8-4a20-93bd-3de8aa286489}</UniqueIdentifier>
    </Filter>
    <Filter Include="Components\State">
      <UniqueIdentifier>{99cee863-da5e-48da-986f-04f0c9243968}</UniqueIdentifier>
    </Filter>
    <Filter Include="GameObjects\PacDots">
      <UniqueIdentifier>{18c978e1-63d2-4d85-8c4c-5654a60fa651}</UniqueIdentifier>
    </Filter>
    <Filter Include="Components\ObjectFilters">
      <UniqueIdentifier>{79725725-dbfd-4c11-9d03-05450b7c2415}</UniqueIdentifier>
    </Filter>
    <Filter Include="GameObjects\Walls">
      <UniqueIdentifier>{9a3de3f8-9fdf-4719-b946-4387426a490b}</UniqueIdentifier>
    </Filter>
    <Filter Include="GameObjects\Ghost">
      <UniqueIdentifier>{b9f43c5e-4536-4d31-8551-4bbb2fc6c292}</UniqueIdentifier>
    </Filter>
    <Filter Include="Components\ObjectFilters\Ghost">
      <UniqueIdentifier>{e27c3c73-ce2d-44a1-bf44-b404e5454e0b}</UniqueIdentifier>
    </Filter>
    <Filter Include="Components\TeleportComponent">
      <UniqueIdentifier>{b0faadfd-9c08-4ac7-ad79-f0453d58f0ce}</UniqueIdentifier>
    </Filter>
    <Filter Include="GameObjects\IntersectionTile">
      <UniqueIdentifier>{5216db31-e9de-472e-8f4e-60b143fcda1e}</UniqueIdentifier>
    </Filter>
    <Filter Include="GameObjects\PowerUp">
      <UniqueIdentifier>{bb51ca05-719f-4aae-afba-2a29bab0bc8b}</UniqueIdentifier>
    </Filter>
    <Filter Include="Observers">
      <UniqueIdentifier>{6c169f76-1e86-42f8-826e-ed89b54bd86d}</UniqueIdentifier>
    </Filter>
  </ItemGroup>
  <ItemGroup>
    <ClCompile Include="PacManMain.cpp">
      <Filter>Source Files</Filter>
    </ClCompile>
    <ClCompile Include="PacMan.cpp">
      <Filter>GameObjects\PacMan</Filter>
    </ClCompile>
    <ClCompile Include="InputHandler.cpp">
      <Filter>Components\InputHandler</Filter>
    </ClCompile>
    <ClCompile Include="StateComponent.cpp">
      <Filter>Components\State</Filter>
    </ClCompile>
    <ClCompile Include="PacManState.cpp">
      <Filter>GameObjects\PacMan</Filter>
    </ClCompile>
    <ClCompile Include="PacDot.cpp">
      <Filter>GameObjects\PacDots</Filter>
    </ClCompile>
    <ClCompile Include="WallManager.cpp">
      <Filter>GameObjects\Walls</Filter>
    </ClCompile>
    <ClCompile Include="Ghost.cpp">
      <Filter>GameObjects\Ghost</Filter>
    </ClCompile>
    <ClCompile Include="GhostState.cpp">
      <Filter>GameObjects\Ghost</Filter>
    </ClCompile>
    <ClCompile Include="GhostComponent.cpp">
      <Filter>Components\ObjectFilters\Ghost</Filter>
    </ClCompile>
    <ClCompile Include="PacManComponent.cpp">
      <Filter>Components\ObjectFilters</Filter>
    </ClCompile>
    <ClCompile Include="IntersectionTile.cpp">
      <Filter>GameObjects\IntersectionTile</Filter>
    </ClCompile>
    <ClCompile Include="PowerUp.cpp">
      <Filter>GameObjects\PowerUp</Filter>
    </ClCompile>
    <ClCompile Include="PowerUpObserver.cpp">
      <Filter>Source Files</Filter>
    </ClCompile>
  </ItemGroup>
  <ItemGroup>
    <ClInclude Include="MoveCommand.h">
      <Filter>Commands</Filter>
    </ClInclude>
    <ClInclude Include="PacMan.h">
      <Filter>GameObjects\PacMan</Filter>
    </ClInclude>
    <ClInclude Include="SwitchInputCommand.h">
      <Filter>Commands</Filter>
    </ClInclude>
    <ClInclude Include="InputHandler.h">
      <Filter>Components\InputHandler</Filter>
    </ClInclude>
    <ClInclude Include="StateComponent.h">
      <Filter>Components\State</Filter>
    </ClInclude>
    <ClInclude Include="PacManState.h">
      <Filter>GameObjects\PacMan</Filter>
    </ClInclude>
    <ClInclude Include="PacDot.h">
      <Filter>GameObjects\PacDots</Filter>
    </ClInclude>
    <ClInclude Include="PacDotComponent.h">
      <Filter>Components\ObjectFilters</Filter>
    </ClInclude>
    <ClInclude Include="WallManager.h">
      <Filter>GameObjects\Walls</Filter>
    </ClInclude>
    <ClInclude Include="WallComponent.h">
      <Filter>Components\ObjectFilters</Filter>
    </ClInclude>
    <ClInclude Include="Ghost.h">
      <Filter>GameObjects\Ghost</Filter>
    </ClInclude>
    <ClInclude Include="GhostState.h">
      <Filter>GameObjects\Ghost</Filter>
    </ClInclude>
    <ClInclude Include="PacManComponent.h">
      <Filter>Components\ObjectFilters</Filter>
    </ClInclude>
    <ClInclude Include="GhostComponent.h">
      <Filter>Components\ObjectFilters\Ghost</Filter>
    </ClInclude>
    <ClInclude Include="TeleportComponent.h">
      <Filter>Components\TeleportComponent</Filter>
    </ClInclude>
    <ClInclude Include="IntersectionTile.h">
      <Filter>GameObjects\IntersectionTile</Filter>
    </ClInclude>
    <ClInclude Include="IntersectionComponent.h">
      <Filter>Components\ObjectFilters</Filter>
    </ClInclude>
    <ClInclude Include="PowerUpComponent.h">
      <Filter>Components\ObjectFilters</Filter>
    </ClInclude>
    <ClInclude Include="PowerUp.h">
      <Filter>GameObjects\PowerUp</Filter>
    </ClInclude>
    <ClInclude Include="PowerUpObserver.h">
      <Filter>Observers</Filter>
    </ClInclude>
  </ItemGroup>
</Project>