<?xml version="1.0" encoding="utf-8"?>
<Project ToolsVersion="4.0" xmlns="http://schemas.microsoft.com/developer/msbuild/2003">
  <ItemGroup>
    <Filter Include="Source Files">
      <UniqueIdentifier>{4FC737F1-C7A5-4376-A066-2A32D752A2FF}</UniqueIdentifier>
      <Extensions>cpp;c;cc;cxx;def;odl;idl;hpj;bat;asm;asmx</Extensions>
    </Filter>
    <Filter Include="Header Files">
      <UniqueIdentifier>{93995380-89BD-4b04-88EB-625FBE52EBFB}</UniqueIdentifier>
      <Extensions>h;hh;hpp;hxx;hm;inl;inc;xsd</Extensions>
    </Filter>
    <Filter Include="Resource Files">
      <UniqueIdentifier>{67DA6AB6-F800-4c08-8B7A-83BB121AAD01}</UniqueIdentifier>
      <Extensions>rc;ico;cur;bmp;dlg;rc2;rct;bin;rgs;gif;jpg;jpeg;jpe;resx;tiff;tif;png;wav;mfcribbon-ms</Extensions>
    </Filter>
    <Filter Include="Source Files\Objects">
      <UniqueIdentifier>{d91df7b1-0a25-4e36-adb8-90bbdfdffec1}</UniqueIdentifier>
    </Filter>
    <Filter Include="Source Files\Singletons">
      <UniqueIdentifier>{5e665dc9-dcc0-43d1-b77a-2b474c8528f9}</UniqueIdentifier>
    </Filter>
    <Filter Include="Source Files\ImGui">
      <UniqueIdentifier>{b2c98898-f46a-4755-b421-c4ad1dfa7fee}</UniqueIdentifier>
    </Filter>
    <Filter Include="Header Files\ImGui">
      <UniqueIdentifier>{16bd2a46-83eb-467a-be1c-fd6a72abc95b}</UniqueIdentifier>
    </Filter>
    <Filter Include="Source Files\Command">
      <UniqueIdentifier>{ff8334b8-9c12-4bee-b5ee-a62a21d9cf72}</UniqueIdentifier>
    </Filter>
    <Filter Include="Source Files\GameActor">
      <UniqueIdentifier>{8dde993a-59a8-4579-8912-85bc02ca742e}</UniqueIdentifier>
    </Filter>
    <Filter Include="Source Files\Observer">
      <UniqueIdentifier>{2293b7c6-1ff5-4b6a-9d72-7079d1c24c30}</UniqueIdentifier>
    </Filter>
    <Filter Include="Source Files\Observer\Events">
      <UniqueIdentifier>{12392fe8-dcbd-49cc-b983-a2a05c91d7cb}</UniqueIdentifier>
    </Filter>
    <Filter Include="Source Files\Scenes">
      <UniqueIdentifier>{4d6dbacc-cbde-4f12-a274-56f6f3081246}</UniqueIdentifier>
    </Filter>
    <Filter Include="Resource Files\Components">
      <UniqueIdentifier>{f2c90cb1-e347-44a8-a377-21eb54665e5c}</UniqueIdentifier>
    </Filter>
    <Filter Include="Resource Files\Components\Exercise">
      <UniqueIdentifier>{a9d7a335-afaf-4fa4-a395-72ae97108d8d}</UniqueIdentifier>
    </Filter>
  </ItemGroup>
  <ItemGroup>
    <ClInclude Include="Minigin.h">
      <Filter>Header Files</Filter>
    </ClInclude>
    <ClInclude Include="TextureRenderer.h">
      <Filter>Resource Files\Components</Filter>
    </ClInclude>
    <ClInclude Include="Transform.h">
      <Filter>Resource Files\Components</Filter>
    </ClInclude>
    <ClInclude Include="GameObject.h">
      <Filter>Source Files\Objects</Filter>
    </ClInclude>
    <ClInclude Include="Font.h">
      <Filter>Header Files</Filter>
    </ClInclude>
    <ClInclude Include="FontRenderer.h">
      <Filter>Resource Files\Components</Filter>
    </ClInclude>
    <ClInclude Include="FPSCounter.h">
      <Filter>Resource Files\Components</Filter>
    </ClInclude>
    <ClInclude Include="Color.h">
      <Filter>Resource Files\Components</Filter>
    </ClInclude>
    <ClInclude Include="Singleton.h">
      <Filter>Source Files\Singletons</Filter>
    </ClInclude>
    <ClInclude Include="ResourceManager.h">
      <Filter>Source Files\Singletons</Filter>
    </ClInclude>
    <ClInclude Include="..\3rdParty\imgui-1.89.3\imconfig.h">
      <Filter>Header Files\ImGui</Filter>
    </ClInclude>
    <ClInclude Include="..\3rdParty\imgui-1.89.3\imgui.h">
      <Filter>Header Files\ImGui</Filter>
    </ClInclude>
    <ClInclude Include="..\3rdParty\imgui-1.89.3\imgui_impl_sdl2.h">
      <Filter>Header Files\ImGui</Filter>
    </ClInclude>
    <ClInclude Include="..\3rdParty\imgui-1.89.3\imgui_impl_opengl2.h">
      <Filter>Header Files\ImGui</Filter>
    </ClInclude>
    <ClInclude Include="..\3rdParty\imgui-1.89.3\imgui_internal.h">
      <Filter>Header Files\ImGui</Filter>
    </ClInclude>
    <ClInclude Include="..\3rdParty\imgui-1.89.3\imstb_rectpack.h">
      <Filter>Header Files\ImGui</Filter>
    </ClInclude>
    <ClInclude Include="..\3rdParty\imgui-1.89.3\imstb_textedit.h">
      <Filter>Header Files\ImGui</Filter>
    </ClInclude>
    <ClInclude Include="..\3rdParty\imgui-1.89.3\imstb_truetype.h">
      <Filter>Header Files\ImGui</Filter>
    </ClInclude>
    <ClInclude Include="..\3rdParty\imgui-1.89.3\imgui_plot.h">
      <Filter>Header Files\ImGui</Filter>
    </ClInclude>
    <ClInclude Include="Component.h">
      <Filter>Resource Files\Components</Filter>
    </ClInclude>
    <ClInclude Include="CacheTestComponent.h">
      <Filter>Resource Files\Components</Filter>
    </ClInclude>
    <ClInclude Include="TransformEx.h">
      <Filter>Resource Files\Components\Exercise</Filter>
    </ClInclude>
    <ClInclude Include="GameObjectEx.h">
      <Filter>Resource Files\Components\Exercise</Filter>
    </ClInclude>
    <ClInclude Include="GameObjectAltEx.h">
      <Filter>Resource Files\Components\Exercise</Filter>
    </ClInclude>
    <ClInclude Include="Texture2D.h">
      <Filter>Header Files</Filter>
    </ClInclude>
    <ClInclude Include="Command.h">
      <Filter>Source Files\Command</Filter>
    </ClInclude>
    <ClInclude Include="GameActor.h">
      <Filter>Source Files\GameActor</Filter>
    </ClInclude>
    <ClInclude Include="Controller.h">
      <Filter>Header Files</Filter>
    </ClInclude>
    <ClInclude Include="Observer.h">
      <Filter>Source Files\Observer</Filter>
    </ClInclude>
    <ClInclude Include="Event.h">
      <Filter>Source Files\Observer\Events</Filter>
    </ClInclude>
    <ClInclude Include="Achievement.h">
      <Filter>Source Files\Observer</Filter>
    </ClInclude>
    <ClInclude Include="Scene.h">
      <Filter>Source Files\Scenes</Filter>
    </ClInclude>
    <ClInclude Include="TestScene.h">
      <Filter>Source Files\Scenes</Filter>
    </ClInclude>
    <ClInclude Include="SceneManager.h">
      <Filter>Source Files\Scenes</Filter>
    </ClInclude>
    <ClInclude Include="SpriteRenderer.h">
      <Filter>Resource Files\Components</Filter>
    </ClInclude>
    <ClInclude Include="TimeM.h">
      <Filter>Header Files</Filter>
    </ClInclude>
    <ClInclude Include="CollisionManager.h">
      <Filter>Source Files\Singletons</Filter>
    </ClInclude>
    <ClInclude Include="InputManager.h">
      <Filter>Source Files\Singletons</Filter>
    </ClInclude>
    <ClInclude Include="BoxCollider.h">
      <Filter>Resource Files\Components</Filter>
    </ClInclude>
    <ClInclude Include="Renderer.h">
      <Filter>Source Files\Singletons</Filter>
    </ClInclude>
    <ClInclude Include="LevelLoader.h">
      <Filter>Source Files\Singletons</Filter>
    </ClInclude>
    <ClInclude Include="Level.h">
      <Filter>Source Files</Filter>
    </ClInclude>
  </ItemGroup>
  <ItemGroup>
    <ClCompile Include="Main.cpp">
      <Filter>Source Files</Filter>
    </ClCompile>
    <ClCompile Include="Minigin.cpp">
      <Filter>Source Files</Filter>
    </ClCompile>
    <ClCompile Include="Texture2D.cpp">
      <Filter>Source Files</Filter>
    </ClCompile>
    <ClCompile Include="TextureRenderer.cpp">
      <Filter>Resource Files\Components</Filter>
    </ClCompile>
    <ClCompile Include="Transform.cpp">
      <Filter>Resource Files\Components</Filter>
    </ClCompile>
    <ClCompile Include="GameObject.cpp">
      <Filter>Source Files\Objects</Filter>
    </ClCompile>
    <ClCompile Include="FontRenderer.cpp">
      <Filter>Resource Files\Components</Filter>
    </ClCompile>
    <ClCompile Include="FPSCounter.cpp">
      <Filter>Resource Files\Components</Filter>
    </ClCompile>
    <ClCompile Include="Color.cpp">
      <Filter>Resource Files\Components</Filter>
    </ClCompile>
    <ClCompile Include="ResourceManager.cpp">
      <Filter>Source Files\Singletons</Filter>
    </ClCompile>
    <ClCompile Include="..\3rdParty\imgui-1.89.3\imgui.cpp">
      <Filter>Source Files\ImGui</Filter>
    </ClCompile>
    <ClCompile Include="..\3rdParty\imgui-1.89.3\imgui_demo.cpp">
      <Filter>Source Files\ImGui</Filter>
    </ClCompile>
    <ClCompile Include="..\3rdParty\imgui-1.89.3\imgui_draw.cpp">
      <Filter>Source Files\ImGui</Filter>
    </ClCompile>
    <ClCompile Include="..\3rdParty\imgui-1.89.3\imgui_impl_opengl2.cpp">
      <Filter>Source Files\ImGui</Filter>
    </ClCompile>
    <ClCompile Include="..\3rdParty\imgui-1.89.3\imgui_impl_sdl2.cpp">
      <Filter>Source Files\ImGui</Filter>
    </ClCompile>
    <ClCompile Include="..\3rdParty\imgui-1.89.3\imgui_tables.cpp">
      <Filter>Source Files\ImGui</Filter>
    </ClCompile>
    <ClCompile Include="..\3rdParty\imgui-1.89.3\imgui_widgets.cpp">
      <Filter>Source Files\ImGui</Filter>
    </ClCompile>
    <ClCompile Include="..\3rdParty\imgui-1.89.3\imgui_plot.cpp">
      <Filter>Source Files\ImGui</Filter>
    </ClCompile>
    <ClCompile Include="Component.cpp">
      <Filter>Resource Files\Components</Filter>
    </ClCompile>
    <ClCompile Include="CacheTestComponent.cpp">
      <Filter>Resource Files\Components</Filter>
    </ClCompile>
    <ClCompile Include="TransformEx.cpp">
      <Filter>Resource Files\Components\Exercise</Filter>
    </ClCompile>
    <ClCompile Include="GameObjectEx.cpp">
      <Filter>Resource Files\Components\Exercise</Filter>
    </ClCompile>
    <ClCompile Include="GameObjectAltEx.cpp">
      <Filter>Resource Files\Components\Exercise</Filter>
    </ClCompile>
    <ClCompile Include="Font.cpp">
      <Filter>Source Files</Filter>
    </ClCompile>
    <ClCompile Include="Command.cpp">
      <Filter>Source Files\Command</Filter>
    </ClCompile>
    <ClCompile Include="GameActor.cpp">
      <Filter>Source Files\GameActor</Filter>
    </ClCompile>
    <ClCompile Include="Controller.cpp">
      <Filter>Source Files</Filter>
    </ClCompile>
    <ClCompile Include="Achievement.cpp">
      <Filter>Source Files</Filter>
    </ClCompile>
    <ClCompile Include="SceneManager.cpp">
      <Filter>Source Files\Scenes</Filter>
    </ClCompile>
    <ClCompile Include="Scene.cpp">
      <Filter>Source Files\Scenes</Filter>
    </ClCompile>
    <ClCompile Include="TestScene.cpp">
      <Filter>Source Files\Scenes</Filter>
    </ClCompile>
    <ClCompile Include="SpriteRenderer.cpp">
      <Filter>Resource Files\Components</Filter>
    </ClCompile>
    <ClCompile Include="TimeM.cpp">
      <Filter>Source Files</Filter>
    </ClCompile>
    <ClCompile Include="InputManager.cpp">
      <Filter>Source Files\Singletons</Filter>
    </ClCompile>
    <ClCompile Include="CollisionManager.cpp">
      <Filter>Source Files\Singletons</Filter>
    </ClCompile>
    <ClCompile Include="BoxCollider.cpp">
      <Filter>Resource Files\Components</Filter>
    </ClCompile>
    <ClCompile Include="Renderer.cpp">
      <Filter>Source Files\Singletons</Filter>
    </ClCompile>
    <ClCompile Include="LevelLoader.cpp">
      <Filter>Source Files\Singletons</Filter>
    </ClCompile>
    <ClCompile Include="Level.cpp">
      <Filter>Source Files</Filter>
    </ClCompile>
  </ItemGroup>
</Project>